
Microsoft Visual Studio Solution File, Format Version 12.00
# Visual Studio 15
VisualStudioVersion = 15.0.28010.2048
MinimumVisualStudioVersion = 10.0.40219.1
Project("{888888A0-9F3D-457C-B088-3A5042F75D52}") = "RL", "reinfocement_learning\RL.pyproj", "{CC7DB4C7-873A-49A9-855F-DEBDE9986346}"
EndProject
Global
	GlobalSection(SolutionConfigurationPlatforms) = preSolution
		Debug|Any CPU = Debug|Any CPU
		Release|Any CPU = Release|Any CPU
	EndGlobalSection
	GlobalSection(ProjectConfigurationPlatforms) = postSolution
		{CC7DB4C7-873A-49A9-855F-DEBDE9986346}.Debug|Any CPU.ActiveCfg = Debug|Any CPU
		{CC7DB4C7-873A-49A9-855F-DEBDE9986346}.Release|Any CPU.ActiveCfg = Release|Any CPU
	EndGlobalSection
	GlobalSection(SolutionProperties) = preSolution
		HideSolutionNode = FALSE
	EndGlobalSection
	GlobalSection(ExtensibilityGlobals) = postSolution
		SolutionGuid = {39C8F6E8-F8DA-4B36-B92B-F9634FDB13F0}
	EndGlobalSection
EndGlobal
